
Microsoft Visual Studio Solution File, Format Version 12.00
# Visual Studio Version 16
VisualStudioVersion = 16.0.29519.87
MinimumVisualStudioVersion = 10.0.40219.1
Project("{FAE04EC0-301F-11D3-BF4B-00C04F79EFBC}") = "Travavia", "Travavia\Travavia.csproj", "{16AD1833-1B7E-470D-9351-936B6B76E668}"
EndProject
Project("{9A19103F-16F7-4668-BE54-9A1E7A4F7556}") = "InfoWindow", "InfoWindow\InfoWindow.csproj", "{B8F64A53-9D0B-45C6-B1EE-DCCD766F9D33}"
	ProjectSection(ProjectDependencies) = postProject
		{16AD1833-1B7E-470D-9351-936B6B76E668} = {16AD1833-1B7E-470D-9351-936B6B76E668}
	EndProjectSection
EndProject
Global
	GlobalSection(SolutionConfigurationPlatforms) = preSolution
		Debug|Any CPU = Debug|Any CPU
		Release|Any CPU = Release|Any CPU
	EndGlobalSection
	GlobalSection(ProjectConfigurationPlatforms) = postSolution
		{16AD1833-1B7E-470D-9351-936B6B76E668}.Debug|Any CPU.ActiveCfg = Debug|Any CPU
		{16AD1833-1B7E-470D-9351-936B6B76E668}.Debug|Any CPU.Build.0 = Debug|Any CPU
		{16AD1833-1B7E-470D-9351-936B6B76E668}.Release|Any CPU.ActiveCfg = Release|Any CPU
		{16AD1833-1B7E-470D-9351-936B6B76E668}.Release|Any CPU.Build.0 = Release|Any CPU
		{B8F64A53-9D0B-45C6-B1EE-DCCD766F9D33}.Debug|Any CPU.ActiveCfg = Debug|Any CPU
		{B8F64A53-9D0B-45C6-B1EE-DCCD766F9D33}.Debug|Any CPU.Build.0 = Debug|Any CPU
		{B8F64A53-9D0B-45C6-B1EE-DCCD766F9D33}.Release|Any CPU.ActiveCfg = Release|Any CPU
		{B8F64A53-9D0B-45C6-B1EE-DCCD766F9D33}.Release|Any CPU.Build.0 = Release|Any CPU
	EndGlobalSection
	GlobalSection(SolutionProperties) = preSolution
		HideSolutionNode = FALSE
	EndGlobalSection
	GlobalSection(ExtensibilityGlobals) = postSolution
		SolutionGuid = {DD5D0315-9745-42E7-8A32-B00ADB0EBBD5}
	EndGlobalSection
EndGlobal
